02b2c3bc7300c304e12a840be51f979453497197d2f689fbc94789f4569f31a3  assess.md
c78ea69a30f5040df6abd98e94233670f92cc6d9c519611b44668ae46c8b372e  plan.md
5345cd228844b001ff1ee3cff1abb9a58ce23da20244dc569ffb10701193bb24  refine.md
1055e3681acac55b8f112f26725a97e535b81662f7be6eec18695589648626cc  report.md
bb39c853d3116f01d856fd6896674a1196e258038c6b7cb82e4d00dffe160218  research.md
75992c8e04b1a556afcc7aa75cc0256a8f5432ccb37f2786d359818e15fc8dc4  system.md
cbda99aad19ef5a02759816a1a4cc2b17a84af8ee1d706f917687882cce4f942  understand.md
3dd655035a7e908774aa4edf05d6751007559faca1962eeff64b703fb56d8b8e  verify.md
