36821093fcb328e32d594c3729e091e196fb89ca8b1d2b37678721ed0077d644  assess.md
6570cefe31467b0acf520df175ab065fb5e5e19e6a53fc54e167e4d481510689  plan.md
09692e570c16da651238d8479f861a4c0e811412652efcd43a9d70cf419f0404  refine.md
d03f4e7a07037ee2469af6eaa30cc6d6cf6678fe2f9926988848eef30fbafd58  report.md
cff1e846baf1a4ca2bebf07e8c7fa3e42fb23a2737e51851ecb423d72a826042  research.md
278cfcbce10f9838c3e06eb84c931bdbb4f767475c76a533ec7a52d57f79cbac  system.md
e232070d85f0cbce4ae8205437ba0cac90f5737f32cc1de1401d63ea85fd0cbd  understand.md
58c29c6d1397f2f63af2ef3b28f51539c7d5a4d6259a12696275a2b23a90381f  verify.md
