c735353e8f94470e75f2f3cbb21394368bfa5130c8d3ba7006827f88b7295164  assess.md
55286fa9d136ecf99d4605c30e66c606fecd2be927102481fa8583d565da859c  plan.md
dea67de6edaf2f5e3af827cd1152ca0ab8280a17e55d378a8e3067f5da18d7a2  refine.md
8b87191b8db4330a55eae041495618c1977d602c2a0812224b786f9385cb3e4d  report.md
bb39c853d3116f01d856fd6896674a1196e258038c6b7cb82e4d00dffe160218  research.md
75992c8e04b1a556afcc7aa75cc0256a8f5432ccb37f2786d359818e15fc8dc4  system.md
cbda99aad19ef5a02759816a1a4cc2b17a84af8ee1d706f917687882cce4f942  understand.md
3dd655035a7e908774aa4edf05d6751007559faca1962eeff64b703fb56d8b8e  verify.md
